
Microsoft Visual Studio Solution File, Format Version 12.00
# Visual Studio 2012
Project("{FAE04EC0-301F-11D3-BF4B-00C04F79EFBC}") = "Decorator", "Decorator.csproj", "{85D540C4-EC1F-402A-BD2C-F1AC2AE22A19}"
EndProject
Global
	GlobalSection(SolutionConfigurationPlatforms) = preSolution
		Debug|x86 = Debug|x86
		Release|x86 = Release|x86
	EndGlobalSection
	GlobalSection(ProjectConfigurationPlatforms) = postSolution
		{85D540C4-EC1F-402A-BD2C-F1AC2AE22A19}.Debug|x86.ActiveCfg = Debug|x86
		{85D540C4-EC1F-402A-BD2C-F1AC2AE22A19}.Debug|x86.Build.0 = Debug|x86
		{85D540C4-EC1F-402A-BD2C-F1AC2AE22A19}.Release|x86.ActiveCfg = Release|x86
		{85D540C4-EC1F-402A-BD2C-F1AC2AE22A19}.Release|x86.Build.0 = Release|x86
	EndGlobalSection
EndGlobal
